
Microsoft Visual Studio Solution File, Format Version 12.00
# Visual Studio Version 17
VisualStudioVersion = 17.8.34525.116
MinimumVisualStudioVersion = 10.0.40219.1
Project("{FAE04EC0-301F-11D3-BF4B-00C04F79EFBC}") = "MvcMovie", "MvcMovie\MvcMovie.csproj", "{450E0E10-79AD-467A-A128-B220567D77F1}"
EndProject
Global
	GlobalSection(SolutionConfigurationPlatforms) = preSolution
		Debug|Any CPU = Debug|Any CPU
		Release|Any CPU = Release|Any CPU
	EndGlobalSection
	GlobalSection(ProjectConfigurationPlatforms) = postSolution
		{450E0E10-79AD-467A-A128-B220567D77F1}.Debug|Any CPU.ActiveCfg = Debug|Any CPU
		{450E0E10-79AD-467A-A128-B220567D77F1}.Debug|Any CPU.Build.0 = Debug|Any CPU
		{450E0E10-79AD-467A-A128-B220567D77F1}.Release|Any CPU.ActiveCfg = Release|Any CPU
		{450E0E10-79AD-467A-A128-B220567D77F1}.Release|Any CPU.Build.0 = Release|Any CPU
	EndGlobalSection
	GlobalSection(SolutionProperties) = preSolution
		HideSolutionNode = FALSE
	EndGlobalSection
	GlobalSection(ExtensibilityGlobals) = postSolution
		SolutionGuid = {5705D14A-823E-44E5-919D-E1DEF0161E2A}
	EndGlobalSection
EndGlobal
